// !$*UTF8*$!
{
	archiveVersion = 1;
	classes = {
	};
	objectVersion = 50;
	objects = {

/* Begin PBXBuildFile section */
		8080781020AF2E9200E65091 /* LoadingCell.xib in Resources */ = {isa = PBXBuildFile; fileRef = 8080780F20AF2E9200E65091 /* LoadingCell.xib */; };
		80C10A4D20AD764C00B2787B /* NothingCell.xib in Resources */ = {isa = PBXBuildFile; fileRef = 80C10A4C20AD764C00B2787B /* NothingCell.xib */; };
		80CB4CA220AC4C92006EA74D /* AppDelegate.swift in Sources */ = {isa = PBXBuildFile; fileRef = 80CB4CA120AC4C92006EA74D /* AppDelegate.swift */; };
		80CB4CA420AC4C92006EA74D /* SearchViewController.swift in Sources */ = {isa = PBXBuildFile; fileRef = 80CB4CA320AC4C92006EA74D /* SearchViewController.swift */; };
		80CB4CA720AC4C92006EA74D /* Main.storyboard in Resources */ = {isa = PBXBuildFile; fileRef = 80CB4CA520AC4C92006EA74D /* Main.storyboard */; };
		80CB4CAA20AC4C92006EA74D /* StoreSearch.xcdatamodeld in Sources */ = {isa = PBXBuildFile; fileRef = 80CB4CA820AC4C92006EA74D /* StoreSearch.xcdatamodeld */; };
		80CB4CAC20AC4C94006EA74D /* Assets.xcassets in Resources */ = {isa = PBXBuildFile; fileRef = 80CB4CAB20AC4C94006EA74D /* Assets.xcassets */; };
		80CB4CAF20AC4C94006EA74D /* LaunchScreen.storyboard in Resources */ = {isa = PBXBuildFile; fileRef = 80CB4CAD20AC4C94006EA74D /* LaunchScreen.storyboard */; };
		80CB4CBA20AC4C94006EA74D /* StoreSearchTests.swift in Sources */ = {isa = PBXBuildFile; fileRef = 80CB4CB920AC4C94006EA74D /* StoreSearchTests.swift */; };
		80CB4CC520AC4C94006EA74D /* StoreSearchUITests.swift in Sources */ = {isa = PBXBuildFile; fileRef = 80CB4CC420AC4C94006EA74D /* StoreSearchUITests.swift */; };
		80CB4CD320AC60D9006EA74D /* SearchResult.swift in Sources */ = {isa = PBXBuildFile; fileRef = 80CB4CD220AC60D9006EA74D /* SearchResult.swift */; };
		80CB4CD520AC7068006EA74D /* SearchResultCell.xib in Resources */ = {isa = PBXBuildFile; fileRef = 80CB4CD420AC7068006EA74D /* SearchResultCell.xib */; };
		80CB4CD720AC7527006EA74D /* SearchResultCell.swift in Sources */ = {isa = PBXBuildFile; fileRef = 80CB4CD620AC7527006EA74D /* SearchResultCell.swift */; };
/* End PBXBuildFile section */

/* Begin PBXContainerItemProxy section */
		80CB4CB620AC4C94006EA74D /* PBXContainerItemProxy */ = {
			isa = PBXContainerItemProxy;
			containerPortal = 80CB4C9620AC4C92006EA74D /* Project object */;
			proxyType = 1;
			remoteGlobalIDString = 80CB4C9D20AC4C92006EA74D;
			remoteInfo = StoreSearch;
		};
		80CB4CC120AC4C94006EA74D /* PBXContainerItemProxy */ = {
			isa = PBXContainerItemProxy;
			containerPortal = 80CB4C9620AC4C92006EA74D /* Project object */;
			proxyType = 1;
			remoteGlobalIDString = 80CB4C9D20AC4C92006EA74D;
			remoteInfo = StoreSearch;
		};
/* End PBXContainerItemProxy section */

/* Begin PBXFileReference section */
		8080780F20AF2E9200E65091 /* LoadingCell.xib */ = {isa = PBXFileReference; lastKnownFileType = file.xib; path = LoadingCell.xib; sourceTree = "<group>"; };
		80C10A4C20AD764C00B2787B /* NothingCell.xib */ = {isa = PBXFileReference; lastKnownFileType = file.xib; path = NothingCell.xib; sourceTree = "<group>"; };
		80CB4C9E20AC4C92006EA74D /* StoreSearch.app */ = {isa = PBXFileReference; explicitFileType = wrapper.application; includeInIndex = 0; path = StoreSearch.app; sourceTree = BUILT_PRODUCTS_DIR; };
		80CB4CA120AC4C92006EA74D /* AppDelegate.swift */ = {isa = PBXFileReference; lastKnownFileType = sourcecode.swift; path = AppDelegate.swift; sourceTree = "<group>"; };
		80CB4CA320AC4C92006EA74D /* SearchViewController.swift */ = {isa = PBXFileReference; lastKnownFileType = sourcecode.swift; path = SearchViewController.swift; sourceTree = "<group>"; };
		80CB4CA620AC4C92006EA74D /* Base */ = {isa = PBXFileReference; lastKnownFileType = file.storyboard; name = Base; path = Base.lproj/Main.storyboard; sourceTree = "<group>"; };
		80CB4CA920AC4C92006EA74D /* StoreSearch.xcdatamodel */ = {isa = PBXFileReference; lastKnownFileType = wrapper.xcdatamodel; path = StoreSearch.xcdatamodel; sourceTree = "<group>"; };
		80CB4CAB20AC4C94006EA74D /* Assets.xcassets */ = {isa = PBXFileReference; lastKnownFileType = folder.assetcatalog; path = Assets.xcassets; sourceTree = "<group>"; };
		80CB4CAE20AC4C94006EA74D /* Base */ = {isa = PBXFileReference; lastKnownFileType = file.storyboard; name = Base; path = Base.lproj/LaunchScreen.storyboard; sourceTree = "<group>"; };
		80CB4CB020AC4C94006EA74D /* Info.plist */ = {isa = PBXFileReference; lastKnownFileType = text.plist.xml; path = Info.plist; sourceTree = "<group>"; };
		80CB4CB520AC4C94006EA74D /* StoreSearchTests.xctest */ = {isa = PBXFileReference; explicitFileType = wrapper.cfbundle; includeInIndex = 0; path = StoreSearchTests.xctest; sourceTree = BUILT_PRODUCTS_DIR; };
		80CB4CB920AC4C94006EA74D /* StoreSearchTests.swift */ = {isa = PBXFileReference; lastKnownFileType = sourcecode.swift; path = StoreSearchTests.swift; sourceTree = "<group>"; };
		80CB4CBB20AC4C94006EA74D /* Info.plist */ = {isa = PBXFileReference; lastKnownFileType = text.plist.xml; path = Info.plist; sourceTree = "<group>"; };
		80CB4CC020AC4C94006EA74D /* StoreSearchUITests.xctest */ = {isa = PBXFileReference; explicitFileType = wrapper.cfbundle; includeInIndex = 0; path = StoreSearchUITests.xctest; sourceTree = BUILT_PRODUCTS_DIR; };
		80CB4CC420AC4C94006EA74D /* StoreSearchUITests.swift */ = {isa = PBXFileReference; lastKnownFileType = sourcecode.swift; path = StoreSearchUITests.swift; sourceTree = "<group>"; };
		80CB4CC620AC4C94006EA74D /* Info.plist */ = {isa = PBXFileReference; lastKnownFileType = text.plist.xml; path = Info.plist; sourceTree = "<group>"; };
		80CB4CD220AC60D9006EA74D /* SearchResult.swift */ = {isa = PBXFileReference; lastKnownFileType = sourcecode.swift; path = SearchResult.swift; sourceTree = "<group>"; };
		80CB4CD420AC7068006EA74D /* SearchResultCell.xib */ = {isa = PBXFileReference; lastKnownFileType = file.xib; path = SearchResultCell.xib; sourceTree = "<group>"; };
		80CB4CD620AC7527006EA74D /* SearchResultCell.swift */ = {isa = PBXFileReference; lastKnownFileType = sourcecode.swift; path = SearchResultCell.swift; sourceTree = "<group>"; };
/* End PBXFileReference section */

/* Begin PBXFrameworksBuildPhase section */
		80CB4C9B20AC4C92006EA74D /* Frameworks */ = {
			isa = PBXFrameworksBuildPhase;
			buildActionMask = 2147483647;
			files = (
			);
			runOnlyForDeploymentPostprocessing = 0;
		};
		80CB4CB220AC4C94006EA74D /* Frameworks */ = {
			isa = PBXFrameworksBuildPhase;
			buildActionMask = 2147483647;
			files = (
			);
			runOnlyForDeploymentPostprocessing = 0;
		};
		80CB4CBD20AC4C94006EA74D /* Frameworks */ = {
			isa = PBXFrameworksBuildPhase;
			buildActionMask = 2147483647;
			files = (
			);
			runOnlyForDeploymentPostprocessing = 0;
		};
/* End PBXFrameworksBuildPhase section */

/* Begin PBXGroup section */
		80CB4C9520AC4C92006EA74D = {
			isa = PBXGroup;
			children = (
				80CB4CA020AC4C92006EA74D /* StoreSearch */,
				80CB4CB820AC4C94006EA74D /* StoreSearchTests */,
				80CB4CC320AC4C94006EA74D /* StoreSearchUITests */,
				80CB4C9F20AC4C92006EA74D /* Products */,
			);
			sourceTree = "<group>";
		};
		80CB4C9F20AC4C92006EA74D /* Products */ = {
			isa = PBXGroup;
			children = (
				80CB4C9E20AC4C92006EA74D /* StoreSearch.app */,
				80CB4CB520AC4C94006EA74D /* StoreSearchTests.xctest */,
				80CB4CC020AC4C94006EA74D /* StoreSearchUITests.xctest */,
			);
			name = Products;
			sourceTree = "<group>";
		};
		80CB4CA020AC4C92006EA74D /* StoreSearch */ = {
			isa = PBXGroup;
			children = (
				80CB4CA120AC4C92006EA74D /* AppDelegate.swift */,
				80CB4CA320AC4C92006EA74D /* SearchViewController.swift */,
				80C10A4C20AD764C00B2787B /* NothingCell.xib */,
				80CB4CD620AC7527006EA74D /* SearchResultCell.swift */,
				80CB4CD220AC60D9006EA74D /* SearchResult.swift */,
				8080780F20AF2E9200E65091 /* LoadingCell.xib */,
				80CB4CA520AC4C92006EA74D /* Main.storyboard */,
				80CB4CAB20AC4C94006EA74D /* Assets.xcassets */,
				80CB4CAD20AC4C94006EA74D /* LaunchScreen.storyboard */,
				80CB4CB020AC4C94006EA74D /* Info.plist */,
				80CB4CA820AC4C92006EA74D /* StoreSearch.xcdatamodeld */,
				80CB4CD420AC7068006EA74D /* SearchResultCell.xib */,
			);
			path = StoreSearch;
			sourceTree = "<group>";
		};
		80CB4CB820AC4C94006EA74D /* StoreSearchTests */ = {
			isa = PBXGroup;
			children = (
				80CB4CB920AC4C94006EA74D /* StoreSearchTests.swift */,
				80CB4CBB20AC4C94006EA74D /* Info.plist */,
			);
			path = StoreSearchTests;
			sourceTree = "<group>";
		};
		80CB4CC320AC4C94006EA74D /* StoreSearchUITests */ = {
			isa = PBXGroup;
			children = (
				80CB4CC420AC4C94006EA74D /* StoreSearchUITests.swift */,
				80CB4CC620AC4C94006EA74D /* Info.plist */,
			);
			path = StoreSearchUITests;
			sourceTree = "<group>";
		};
/* End PBXGroup section */

/* Begin PBXNativeTarget section */
		80CB4C9D20AC4C92006EA74D /* StoreSearch */ = {
			isa = PBXNativeTarget;
			buildConfigurationList = 80CB4CC920AC4C95006EA74D /* Build configuration list for PBXNativeTarget "StoreSearch" */;
			buildPhases = (
				80CB4C9A20AC4C92006EA74D /* Sources */,
				80CB4C9B20AC4C92006EA74D /* Frameworks */,
				80CB4C9C20AC4C92006EA74D /* Resources */,
			);
			buildRules = (
			);
			dependencies = (
			);
			name = StoreSearch;
			productName = StoreSearch;
			productReference = 80CB4C9E20AC4C92006EA74D /* StoreSearch.app */;
			productType = "com.apple.product-type.application";
		};
		80CB4CB420AC4C94006EA74D /* StoreSearchTests */ = {
			isa = PBXNativeTarget;
			buildConfigurationList = 80CB4CCC20AC4C95006EA74D /* Build configuration list for PBXNativeTarget "StoreSearchTests" */;
			buildPhases = (
				80CB4CB120AC4C94006EA74D /* Sources */,
				80CB4CB220AC4C94006EA74D /* Frameworks */,
				80CB4CB320AC4C94006EA74D /* Resources */,
			);
			buildRules = (
			);
			dependencies = (
				80CB4CB720AC4C94006EA74D /* PBXTargetDependency */,
			);
			name = StoreSearchTests;
			productName = StoreSearchTests;
			productReference = 80CB4CB520AC4C94006EA74D /* StoreSearchTests.xctest */;
			productType = "com.apple.product-type.bundle.unit-test";
		};
		80CB4CBF20AC4C94006EA74D /* StoreSearchUITests */ = {
			isa = PBXNativeTarget;
			buildConfigurationList = 80CB4CCF20AC4C95006EA74D /* Build configuration list for PBXNativeTarget "StoreSearchUITests" */;
			buildPhases = (
				80CB4CBC20AC4C94006EA74D /* Sources */,
				80CB4CBD20AC4C94006EA74D /* Frameworks */,
				80CB4CBE20AC4C94006EA74D /* Resources */,
			);
			buildRules = (
			);
			dependencies = (
				80CB4CC220AC4C94006EA74D /* PBXTargetDependency */,
			);
			name = StoreSearchUITests;
			productName = StoreSearchUITests;
			productReference = 80CB4CC020AC4C94006EA74D /* StoreSearchUITests.xctest */;
			productType = "com.apple.product-type.bundle.ui-testing";
		};
/* End PBXNativeTarget section */

/* Begin PBXProject section */
		80CB4C9620AC4C92006EA74D /* Project object */ = {
			isa = PBXProject;
			attributes = {
				LastSwiftUpdateCheck = 0930;
				LastUpgradeCheck = 0930;
				ORGANIZATIONNAME = sriram;
				TargetAttributes = {
					80CB4C9D20AC4C92006EA74D = {
						CreatedOnToolsVersion = 9.3;
					};
					80CB4CB420AC4C94006EA74D = {
						CreatedOnToolsVersion = 9.3;
						TestTargetID = 80CB4C9D20AC4C92006EA74D;
					};
					80CB4CBF20AC4C94006EA74D = {
						CreatedOnToolsVersion = 9.3;
						TestTargetID = 80CB4C9D20AC4C92006EA74D;
					};
				};
			};
			buildConfigurationList = 80CB4C9920AC4C92006EA74D /* Build configuration list for PBXProject "StoreSearch" */;
			compatibilityVersion = "Xcode 9.3";
			developmentRegion = en;
			hasScannedForEncodings = 0;
			knownRegions = (
				en,
				Base,
			);
			mainGroup = 80CB4C9520AC4C92006EA74D;
			productRefGroup = 80CB4C9F20AC4C92006EA74D /* Products */;
			projectDirPath = "";
			projectRoot = "";
			targets = (
				80CB4C9D20AC4C92006EA74D /* StoreSearch */,
				80CB4CB420AC4C94006EA74D /* StoreSearchTests */,
				80CB4CBF20AC4C94006EA74D /* StoreSearchUITests */,
			);
		};
/* End PBXProject section */

/* Begin PBXResourcesBuildPhase section */
		80CB4C9C20AC4C92006EA74D /* Resources */ = {
			isa = PBXResourcesBuildPhase;
			buildActionMask = 2147483647;
			files = (
				80CB4CAF20AC4C94006EA74D /* LaunchScreen.storyboard in Resources */,
				80CB4CAC20AC4C94006EA74D /* Assets.xcassets in Resources */,
				8080781020AF2E9200E65091 /* LoadingCell.xib in Resources */,
				80CB4CD520AC7068006EA74D /* SearchResultCell.xib in Resources */,
				80CB4CA720AC4C92006EA74D /* Main.storyboard in Resources */,
				80C10A4D20AD764C00B2787B /* NothingCell.xib in Resources */,
			);
			runOnlyForDeploymentPostprocessing = 0;
		};
		80CB4CB320AC4C94006EA74D /* Resources */ = {
			isa = PBXResourcesBuildPhase;
			buildActionMask = 2147483647;
			files = (
			);
			runOnlyForDeploymentPostprocessing = 0;
		};
		80CB4CBE20AC4C94006EA74D /* Resources */ = {
			isa = PBXResourcesBuildPhase;
			buildActionMask = 2147483647;
			files = (
			);
			runOnlyForDeploymentPostprocessing = 0;
		};
/* End PBXResourcesBuildPhase section */

/* Begin PBXSourcesBuildPhase section */
		80CB4C9A20AC4C92006EA74D /* Sources */ = {
			isa = PBXSourcesBuildPhase;
			buildActionMask = 2147483647;
			files = (
				80CB4CA420AC4C92006EA74D /* SearchViewController.swift in Sources */,
				80CB4CD720AC7527006EA74D /* SearchResultCell.swift in Sources */,
				80CB4CA220AC4C92006EA74D /* AppDelegate.swift in Sources */,
				80CB4CD320AC60D9006EA74D /* SearchResult.swift in Sources */,
				80CB4CAA20AC4C92006EA74D /* StoreSearch.xcdatamodeld in Sources */,
			);
			runOnlyForDeploymentPostprocessing = 0;
		};
		80CB4CB120AC4C94006EA74D /* Sources */ = {
			isa = PBXSourcesBuildPhase;
			buildActionMask = 2147483647;
			files = (
				80CB4CBA20AC4C94006EA74D /* StoreSearchTests.swift in Sources */,
			);
			runOnlyForDeploymentPostprocessing = 0;
		};
		80CB4CBC20AC4C94006EA74D /* Sources */ = {
			isa = PBXSourcesBuildPhase;
			buildActionMask = 2147483647;
			files = (
				80CB4CC520AC4C94006EA74D /* StoreSearchUITests.swift in Sources */,
			);
			runOnlyForDeploymentPostprocessing = 0;
		};
/* End PBXSourcesBuildPhase section */

/* Begin PBXTargetDependency section */
		80CB4CB720AC4C94006EA74D /* PBXTargetDependency */ = {
			isa = PBXTargetDependency;
			target = 80CB4C9D20AC4C92006EA74D /* StoreSearch */;
			targetProxy = 80CB4CB620AC4C94006EA74D /* PBXContainerItemProxy */;
		};
		80CB4CC220AC4C94006EA74D /* PBXTargetDependency */ = {
			isa = PBXTargetDependency;
			target = 80CB4C9D20AC4C92006EA74D /* StoreSearch */;
			targetProxy = 80CB4CC120AC4C94006EA74D /* PBXContainerItemProxy */;
		};
/* End PBXTargetDependency section */

/* Begin PBXVariantGroup section */
		80CB4CA520AC4C92006EA74D /* Main.storyboard */ = {
			isa = PBXVariantGroup;
			children = (
				80CB4CA620AC4C92006EA74D /* Base */,
			);
			name = Main.storyboard;
			sourceTree = "<group>";
		};
		80CB4CAD20AC4C94006EA74D /* LaunchScreen.storyboard */ = {
			isa = PBXVariantGroup;
			children = (
				80CB4CAE20AC4C94006EA74D /* Base */,
			);
			name = LaunchScreen.storyboard;
			sourceTree = "<group>";
		};
/* End PBXVariantGroup section */

/* Begin XCBuildConfiguration section */
		80CB4CC720AC4C95006EA74D /* Debug */ = {
			isa = XCBuildConfiguration;
			buildSettings = {
				ALWAYS_SEARCH_USER_PATHS = NO;
				CLANG_ANALYZER_NONNULL = YES;
				CLANG_ANALYZER_NUMBER_OBJECT_CONVERSION = YES_AGGRESSIVE;
				CLANG_CXX_LANGUAGE_STANDARD = "gnu++14";
				CLANG_CXX_LIBRARY = "libc++";
				CLANG_ENABLE_MODULES = YES;
				CLANG_ENABLE_OBJC_ARC = YES;
				CLANG_ENABLE_OBJC_WEAK = YES;
				CLANG_WARN_BLOCK_CAPTURE_AUTORELEASING = YES;
				CLANG_WARN_BOOL_CONVERSION = YES;
				CLANG_WARN_COMMA = YES;
				CLANG_WARN_CONSTANT_CONVERSION = YES;
				CLANG_WARN_DEPRECATED_OBJC_IMPLEMENTATIONS = YES;
				CLANG_WARN_DIRECT_OBJC_ISA_USAGE = YES_ERROR;
				CLANG_WARN_DOCUMENTATION_COMMENTS = YES;
				CLANG_WARN_EMPTY_BODY = YES;
				CLANG_WARN_ENUM_CONVERSION = YES;
				CLANG_WARN_INFINITE_RECURSION = YES;
				CLANG_WARN_INT_CONVERSION = YES;
				CLANG_WARN_NON_LITERAL_NULL_CONVERSION = YES;
				CLANG_WARN_OBJC_IMPLICIT_RETAIN_SELF = YES;
				CLANG_WARN_OBJC_LITERAL_CONVERSION = YES;
				CLANG_WARN_OBJC_ROOT_CLASS = YES_ERROR;
				CLANG_WARN_RANGE_LOOP_ANALYSIS = YES;
				CLANG_WARN_STRICT_PROTOTYPES = YES;
				CLANG_WARN_SUSPICIOUS_MOVE = YES;
				CLANG_WARN_UNGUARDED_AVAILABILITY = YES_AGGRESSIVE;
				CLANG_WARN_UNREACHABLE_CODE = YES;
				CLANG_WARN__DUPLICATE_METHOD_MATCH = YES;
				CODE_SIGN_IDENTITY = "iPhone Developer";
				COPY_PHASE_STRIP = NO;
				DEBUG_INFORMATION_FORMAT = dwarf;
				ENABLE_STRICT_OBJC_MSGSEND = YES;
				ENABLE_TESTABILITY = YES;
				GCC_C_LANGUAGE_STANDARD = gnu11;
				GCC_DYNAMIC_NO_PIC = NO;
				GCC_NO_COMMON_BLOCKS = YES;
				GCC_OPTIMIZATION_LEVEL = 0;
				GCC_PREPROCESSOR_DEFINITIONS = (
					"DEBUG=1",
					"$(inherited)",
				);
				GCC_WARN_64_TO_32_BIT_CONVERSION = YES;
				GCC_WARN_ABOUT_RETURN_TYPE = YES_ERROR;
				GCC_WARN_UNDECLARED_SELECTOR = YES;
				GCC_WARN_UNINITIALIZED_AUTOS = YES_AGGRESSIVE;
				GCC_WARN_UNUSED_FUNCTION = YES;
				GCC_WARN_UNUSED_VARIABLE = YES;
				IPHONEOS_DEPLOYMENT_TARGET = 11.3;
				MTL_ENABLE_DEBUG_INFO = YES;
				ONLY_ACTIVE_ARCH = YES;
				SDKROOT = iphoneos;
				SWIFT_ACTIVE_COMPILATION_CONDITIONS = DEBUG;
				SWIFT_OPTIMIZATION_LEVEL = "-Onone";
			};
			name = Debug;
		};
		80CB4CC820AC4C95006EA74D /* Release */ = {
			isa = XCBuildConfiguration;
			buildSettings = {
				ALWAYS_SEARCH_USER_PATHS = NO;
				CLANG_ANALYZER_NONNULL = YES;
				CLANG_ANALYZER_NUMBER_OBJECT_CONVERSION = YES_AGGRESSIVE;
				CLANG_CXX_LANGUAGE_STANDARD = "gnu++14";
				CLANG_CXX_LIBRARY = "libc++";
				CLANG_ENABLE_MODULES = YES;
				CLANG_ENABLE_OBJC_ARC = YES;
				CLANG_ENABLE_OBJC_WEAK = YES;
				CLANG_WARN_BLOCK_CAPTURE_AUTORELEASING = YES;
				CLANG_WARN_BOOL_CONVERSION = YES;
				CLANG_WARN_COMMA = YES;
				CLANG_WARN_CONSTANT_CONVERSION = YES;
				CLANG_WARN_DEPRECATED_OBJC_IMPLEMENTATIONS = YES;
				CLANG_WARN_DIRECT_OBJC_ISA_USAGE = YES_ERROR;
				CLANG_WARN_DOCUMENTATION_COMMENTS = YES;
				CLANG_WARN_EMPTY_BODY = YES;
				CLANG_WARN_ENUM_CONVERSION = YES;
				CLANG_WARN_INFINITE_RECURSION = YES;
				CLANG_WARN_INT_CONVERSION = YES;
				CLANG_WARN_NON_LITERAL_NULL_CONVERSION = YES;
				CLANG_WARN_OBJC_IMPLICIT_RETAIN_SELF = YES;
				CLANG_WARN_OBJC_LITERAL_CONVERSION = YES;
				CLANG_WARN_OBJC_ROOT_CLASS = YES_ERROR;
				CLANG_WARN_RANGE_LOOP_ANALYSIS = YES;
				CLANG_WARN_STRICT_PROTOTYPES = YES;
				CLANG_WARN_SUSPICIOUS_MOVE = YES;
				CLANG_WARN_UNGUARDED_AVAILABILITY = YES_AGGRESSIVE;
				CLANG_WARN_UNREACHABLE_CODE = YES;
				CLANG_WARN__DUPLICATE_METHOD_MATCH = YES;
				CODE_SIGN_IDENTITY = "iPhone Developer";
				COPY_PHASE_STRIP = NO;
				DEBUG_INFORMATION_FORMAT = "dwarf-with-dsym";
				ENABLE_NS_ASSERTIONS = NO;
				ENABLE_STRICT_OBJC_MSGSEND = YES;
				GCC_C_LANGUAGE_STANDARD = gnu11;
				GCC_NO_COMMON_BLOCKS = YES;
				GCC_WARN_64_TO_32_BIT_CONVERSION = YES;
				GCC_WARN_ABOUT_RETURN_TYPE = YES_ERROR;
				GCC_WARN_UNDECLARED_SELECTOR = YES;
				GCC_WARN_UNINITIALIZED_AUTOS = YES_AGGRESSIVE;
				GCC_WARN_UNUSED_FUNCTION = YES;
				GCC_WARN_UNUSED_VARIABLE = YES;
				IPHONEOS_DEPLOYMENT_TARGET = 11.3;
				MTL_ENABLE_DEBUG_INFO = NO;
				SDKROOT = iphoneos;
				SWIFT_COMPILATION_MODE = wholemodule;
				SWIFT_OPTIMIZATION_LEVEL = "-O";
				VALIDATE_PRODUCT = YES;
			};
			name = Release;
		};
		80CB4CCA20AC4C95006EA74D /* Debug */ = {
			isa = XCBuildConfiguration;
			buildSettings = {
				ASSETCATALOG_COMPILER_APPICON_NAME = AppIcon;
				CODE_SIGN_STYLE = Automatic;
				DEVELOPMENT_TEAM = 3QUAK67K8A;
				INFOPLIST_FILE = StoreSearch/Info.plist;
				LD_RUNPATH_SEARCH_PATHS = (
					"$(inherited)",
					"@executable_path/Frameworks",
				);
				PRODUCT_BUNDLE_IDENTIFIER = BoxLife.StoreSearch;
				PRODUCT_NAME = "$(TARGET_NAME)";
				SWIFT_VERSION = 4.0;
				TARGETED_DEVICE_FAMILY = "1,2";
			};
			name = Debug;
		};
		80CB4CCB20AC4C95006EA74D /* Release */ = {
			isa = XCBuildConfiguration;
			buildSettings = {
				ASSETCATALOG_COMPILER_APPICON_NAME = AppIcon;
				CODE_SIGN_STYLE = Automatic;
				DEVELOPMENT_TEAM = 3QUAK67K8A;
				INFOPLIST_FILE = StoreSearch/Info.plist;
				LD_RUNPATH_SEARCH_PATHS = (
					"$(inherited)",
					"@executable_path/Frameworks",
				);
				PRODUCT_BUNDLE_IDENTIFIER = BoxLife.StoreSearch;
				PRODUCT_NAME = "$(TARGET_NAME)";
				SWIFT_VERSION = 4.0;
				TARGETED_DEVICE_FAMILY = "1,2";
			};
			name = Release;
		};
		80CB4CCD20AC4C95006EA74D /* Debug */ = {
			isa = XCBuildConfiguration;
			buildSettings = {
				ALWAYS_EMBED_SWIFT_STANDARD_LIBRARIES = YES;
				BUNDLE_LOADER = "$(TEST_HOST)";
				CODE_SIGN_STYLE = Automatic;
				DEVELOPMENT_TEAM = 3QUAK67K8A;
				INFOPLIST_FILE = StoreSearchTests/Info.plist;
				LD_RUNPATH_SEARCH_PATHS = (
					"$(inherited)",
					"@executable_path/Frameworks",
					"@loader_path/Frameworks",
				);
				PRODUCT_BUNDLE_IDENTIFIER = BoxLife.StoreSearchTests;
				PRODUCT_NAME = "$(TARGET_NAME)";
				SWIFT_VERSION = 4.0;
				TARGETED_DEVICE_FAMILY = "1,2";
				TEST_HOST = "$(BUILT_PRODUCTS_DIR)/StoreSearch.app/StoreSearch";
			};
			name = Debug;
		};
		80CB4CCE20AC4C95006EA74D /* Release */ = {
			isa = XCBuildConfiguration;
			buildSettings = {
				ALWAYS_EMBED_SWIFT_STANDARD_LIBRARIES = YES;
				BUNDLE_LOADER = "$(TEST_HOST)";
				CODE_SIGN_STYLE = Automatic;
				DEVELOPMENT_TEAM = 3QUAK67K8A;
				INFOPLIST_FILE = StoreSearchTests/Info.plist;
				LD_RUNPATH_SEARCH_PATHS = (
					"$(inherited)",
					"@executable_path/Frameworks",
					"@loader_path/Frameworks",
				);
				PRODUCT_BUNDLE_IDENTIFIER = BoxLife.StoreSearchTests;
				PRODUCT_NAME = "$(TARGET_NAME)";
				SWIFT_VERSION = 4.0;
				TARGETED_DEVICE_FAMILY = "1,2";
				TEST_HOST = "$(BUILT_PRODUCTS_DIR)/StoreSearch.app/StoreSearch";
			};
			name = Release;
		};
		80CB4CD020AC4C95006EA74D /* Debug */ = {
			isa = XCBuildConfiguration;
			buildSettings = {
				ALWAYS_EMBED_SWIFT_STANDARD_LIBRARIES = YES;
				CODE_SIGN_STYLE = Automatic;
				DEVELOPMENT_TEAM = 3QUAK67K8A;
				INFOPLIST_FILE = StoreSearchUITests/Info.plist;
				LD_RUNPATH_SEARCH_PATHS = (
					"$(inherited)",
					"@executable_path/Frameworks",
					"@loader_path/Frameworks",
				);
				PRODUCT_BUNDLE_IDENTIFIER = BoxLife.StoreSearchUITests;
				PRODUCT_NAME = "$(TARGET_NAME)";
				SWIFT_VERSION = 4.0;
				TARGETED_DEVICE_FAMILY = "1,2";
				TEST_TARGET_NAME = StoreSearch;
			};
			name = Debug;
		};
		80CB4CD120AC4C95006EA74D /* Release */ = {
			isa = XCBuildConfiguration;
			buildSettings = {
				ALWAYS_EMBED_SWIFT_STANDARD_LIBRARIES = YES;
				CODE_SIGN_STYLE = Automatic;
				DEVELOPMENT_TEAM = 3QUAK67K8A;
				INFOPLIST_FILE = StoreSearchUITests/Info.plist;
				LD_RUNPATH_SEARCH_PATHS = (
					"$(inherited)",
					"@executable_path/Frameworks",
					"@loader_path/Frameworks",
				);
				PRODUCT_BUNDLE_IDENTIFIER = BoxLife.StoreSearchUITests;
				PRODUCT_NAME = "$(TARGET_NAME)";
				SWIFT_VERSION = 4.0;
				TARGETED_DEVICE_FAMILY = "1,2";
				TEST_TARGET_NAME = StoreSearch;
			};
			name = Release;
		};
/* End XCBuildConfiguration section */

/* Begin XCConfigurationList section */
		80CB4C9920AC4C92006EA74D /* Build configuration list for PBXProject "StoreSearch" */ = {
			isa = XCConfigurationList;
			buildConfigurations = (
				80CB4CC720AC4C95006EA74D /* Debug */,
				80CB4CC820AC4C95006EA74D /* Release */,
			);
			defaultConfigurationIsVisible = 0;
			defaultConfigurationName = Release;
		};
		80CB4CC920AC4C95006EA74D /* Build configuration list for PBXNativeTarget "StoreSearch" */ = {
			isa = XCConfigurationList;
			buildConfigurations = (
				80CB4CCA20AC4C95006EA74D /* Debug */,
				80CB4CCB20AC4C95006EA74D /* Release */,
			);
			defaultConfigurationIsVisible = 0;
			defaultConfigurationName = Release;
		};
		80CB4CCC20AC4C95006EA74D /* Build configuration list for PBXNativeTarget "StoreSearchTests" */ = {
			isa = XCConfigurationList;
			buildConfigurations = (
				80CB4CCD20AC4C95006EA74D /* Debug */,
				80CB4CCE20AC4C95006EA74D /* Release */,
			);
			defaultConfigurationIsVisible = 0;
			defaultConfigurationName = Release;
		};
		80CB4CCF20AC4C95006EA74D /* Build configuration list for PBXNativeTarget "StoreSearchUITests" */ = {
			isa = XCConfigurationList;
			buildConfigurations = (
				80CB4CD020AC4C95006EA74D /* Debug */,
				80CB4CD120AC4C95006EA74D /* Release */,
			);
			defaultConfigurationIsVisible = 0;
			defaultConfigurationName = Release;
		};
/* End XCConfigurationList section */

/* Begin XCVersionGroup section */
		80CB4CA820AC4C92006EA74D /* StoreSearch.xcdatamodeld */ = {
			isa = XCVersionGroup;
			children = (
				80CB4CA920AC4C92006EA74D /* StoreSearch.xcdatamodel */,
			);
			currentVersion = 80CB4CA920AC4C92006EA74D /* StoreSearch.xcdatamodel */;
			path = StoreSearch.xcdatamodeld;
			sourceTree = "<group>";
			versionGroupType = wrapper.xcdatamodel;
		};
/* End XCVersionGroup section */
	};
	rootObject = 80CB4C9620AC4C92006EA74D /* Project object */;
}
